
Microsoft Visual Studio Solution File, Format Version 12.00
# Visual Studio Version 17
VisualStudioVersion = 17.9.34728.123
MinimumVisualStudioVersion = 10.0.40219.1
Project("{FAE04EC0-301F-11D3-BF4B-00C04F79EFBC}") = "excercise.NumberToWords", "excercise.NumberToWords.csproj", "{7DDBC3A1-AB79-4709-BC6E-44D93E10A3CE}"
EndProject
Global
	GlobalSection(SolutionConfigurationPlatforms) = preSolution
		Debug|Any CPU = Debug|Any CPU
		Release|Any CPU = Release|Any CPU
	EndGlobalSection
	GlobalSection(ProjectConfigurationPlatforms) = postSolution
		{7DDBC3A1-AB79-4709-BC6E-44D93E10A3CE}.Debug|Any CPU.ActiveCfg = Debug|Any CPU
		{7DDBC3A1-AB79-4709-BC6E-44D93E10A3CE}.Debug|Any CPU.Build.0 = Debug|Any CPU
		{7DDBC3A1-AB79-4709-BC6E-44D93E10A3CE}.Release|Any CPU.ActiveCfg = Release|Any CPU
		{7DDBC3A1-AB79-4709-BC6E-44D93E10A3CE}.Release|Any CPU.Build.0 = Release|Any CPU
	EndGlobalSection
	GlobalSection(SolutionProperties) = preSolution
		HideSolutionNode = FALSE
	EndGlobalSection
	GlobalSection(ExtensibilityGlobals) = postSolution
		SolutionGuid = {DEF645E9-1F9F-4112-8BDD-A77F89AE7317}
	EndGlobalSection
EndGlobal
